Microsoft Visual Studio Solution File, Format Version 11.00
# Visual Studio 2008

Project("{CCDE47F4-9D7E-9B8E-4711-15CCD6FEA31B}") = "Space Visual", "Assembly-CSharp.csproj", "{84D79B64-68C1-ADD9-3759-E76DC7E22A14}"
EndProject
Global
	GlobalSection(SolutionConfigurationPlatforms) = preSolution
		Debug|Any CPU = Debug|Any CPU
		Release|Any CPU = Release|Any CPU
	EndGlobalSection
	GlobalSection(ProjectConfigurationPlatforms) = postSolution
		{84D79B64-68C1-ADD9-3759-E76DC7E22A14}.Debug|Any CPU.ActiveCfg = Debug|Any CPU
		{84D79B64-68C1-ADD9-3759-E76DC7E22A14}.Debug|Any CPU.Build.0 = Debug|Any CPU
		{84D79B64-68C1-ADD9-3759-E76DC7E22A14}.Release|Any CPU.ActiveCfg = Release|Any CPU
		{84D79B64-68C1-ADD9-3759-E76DC7E22A14}.Release|Any CPU.Build.0 = Release|Any CPU
	EndGlobalSection
	GlobalSection(SolutionProperties) = preSolution
		HideSolutionNode = FALSE
	EndGlobalSection
	GlobalSection(MonoDevelopProperties) = preSolution
		StartupItem = Assembly-CSharp.csproj
	EndGlobalSection
EndGlobal
